
Microsoft Visual Studio Solution File, Format Version 12.00
# Visual Studio Version 16
VisualStudioVersion = 16.0.809.0
MinimumVisualStudioVersion = 10.0.40219.1
Project("{FAE04EC0-301F-11D3-BF4B-00C04F79EFBC}") = "BlazorWasmGrpcCodeFirst.Server", "Server\BlazorWasmGrpcCodeFirst.Server.csproj", "{B1400D20-87F2-4699-9449-1D89C53D5AC4}"
EndProject
Project("{FAE04EC0-301F-11D3-BF4B-00C04F79EFBC}") = "BlazorWasmGrpcCodeFirst.Client", "Client\BlazorWasmGrpcCodeFirst.Client.csproj", "{62412949-33A0-40DC-9C43-1BE0B8730C60}"
EndProject
Project("{FAE04EC0-301F-11D3-BF4B-00C04F79EFBC}") = "BlazorWasmGrpcCodeFirst.Shared", "Shared\BlazorWasmGrpcCodeFirst.Shared.csproj", "{B8DC0117-0C8E-4C37-ABA6-2FD173948DB9}"
EndProject
Global
	GlobalSection(SolutionConfigurationPlatforms) = preSolution
		Debug|Any CPU = Debug|Any CPU
		Release|Any CPU = Release|Any CPU
	EndGlobalSection
	GlobalSection(ProjectConfigurationPlatforms) = postSolution
		{B1400D20-87F2-4699-9449-1D89C53D5AC4}.Debug|Any CPU.ActiveCfg = Debug|Any CPU
		{B1400D20-87F2-4699-9449-1D89C53D5AC4}.Debug|Any CPU.Build.0 = Debug|Any CPU
		{B1400D20-87F2-4699-9449-1D89C53D5AC4}.Release|Any CPU.ActiveCfg = Release|Any CPU
		{B1400D20-87F2-4699-9449-1D89C53D5AC4}.Release|Any CPU.Build.0 = Release|Any CPU
		{62412949-33A0-40DC-9C43-1BE0B8730C60}.Debug|Any CPU.ActiveCfg = Debug|Any CPU
		{62412949-33A0-40DC-9C43-1BE0B8730C60}.Debug|Any CPU.Build.0 = Debug|Any CPU
		{62412949-33A0-40DC-9C43-1BE0B8730C60}.Release|Any CPU.ActiveCfg = Release|Any CPU
		{62412949-33A0-40DC-9C43-1BE0B8730C60}.Release|Any CPU.Build.0 = Release|Any CPU
		{B8DC0117-0C8E-4C37-ABA6-2FD173948DB9}.Debug|Any CPU.ActiveCfg = Debug|Any CPU
		{B8DC0117-0C8E-4C37-ABA6-2FD173948DB9}.Debug|Any CPU.Build.0 = Debug|Any CPU
		{B8DC0117-0C8E-4C37-ABA6-2FD173948DB9}.Release|Any CPU.ActiveCfg = Release|Any CPU
		{B8DC0117-0C8E-4C37-ABA6-2FD173948DB9}.Release|Any CPU.Build.0 = Release|Any CPU
	EndGlobalSection
	GlobalSection(SolutionProperties) = preSolution
		HideSolutionNode = FALSE
	EndGlobalSection
	GlobalSection(ExtensibilityGlobals) = postSolution
		SolutionGuid = {CFD15803-1D43-43E0-8F1E-CA33F1E52DD2}
	EndGlobalSection
EndGlobal
