
Microsoft Visual Studio Solution File, Format Version 12.00
# Visual Studio Version 16
VisualStudioVersion = 16.0.30907.101
MinimumVisualStudioVersion = 10.0.40219.1
Project("{9A19103F-16F7-4668-BE54-9A1E7A4F7556}") = "GrpcCodeFirst.Api", "GrpcCodeFirst.Api\GrpcCodeFirst.Api.csproj", "{70D83862-A72F-43FB-8162-67BC7BAC8FEF}"
EndProject
Project("{9A19103F-16F7-4668-BE54-9A1E7A4F7556}") = "GrpcCodeFirst.Shared", "GrpcCodeFirst.Shared\GrpcCodeFirst.Shared.csproj", "{989F7505-9DD4-4B7A-898A-A4FF6DC8A88A}"
EndProject
Project("{9A19103F-16F7-4668-BE54-9A1E7A4F7556}") = "GrpcCodeFirst.Client", "GrpcCodeFirst.Client\GrpcCodeFirst.Client.csproj", "{3EE155A4-EBAF-450F-86AF-C4180F27BDE1}"
EndProject
Project("{FAE04EC0-301F-11D3-BF4B-00C04F79EFBC}") = "GrpcCodeFirst.ConsoleClient", "GrpcCodeFirst.ConsoleClient\GrpcCodeFirst.ConsoleClient.csproj", "{7DAF776F-87F4-43DD-B47C-C880D843DCCB}"
EndProject
Global
	GlobalSection(SolutionConfigurationPlatforms) = preSolution
		Debug|Any CPU = Debug|Any CPU
		Release|Any CPU = Release|Any CPU
	EndGlobalSection
	GlobalSection(ProjectConfigurationPlatforms) = postSolution
		{70D83862-A72F-43FB-8162-67BC7BAC8FEF}.Debug|Any CPU.ActiveCfg = Debug|Any CPU
		{70D83862-A72F-43FB-8162-67BC7BAC8FEF}.Debug|Any CPU.Build.0 = Debug|Any CPU
		{70D83862-A72F-43FB-8162-67BC7BAC8FEF}.Release|Any CPU.ActiveCfg = Release|Any CPU
		{70D83862-A72F-43FB-8162-67BC7BAC8FEF}.Release|Any CPU.Build.0 = Release|Any CPU
		{989F7505-9DD4-4B7A-898A-A4FF6DC8A88A}.Debug|Any CPU.ActiveCfg = Debug|Any CPU
		{989F7505-9DD4-4B7A-898A-A4FF6DC8A88A}.Debug|Any CPU.Build.0 = Debug|Any CPU
		{989F7505-9DD4-4B7A-898A-A4FF6DC8A88A}.Release|Any CPU.ActiveCfg = Release|Any CPU
		{989F7505-9DD4-4B7A-898A-A4FF6DC8A88A}.Release|Any CPU.Build.0 = Release|Any CPU
		{3EE155A4-EBAF-450F-86AF-C4180F27BDE1}.Debug|Any CPU.ActiveCfg = Debug|Any CPU
		{3EE155A4-EBAF-450F-86AF-C4180F27BDE1}.Debug|Any CPU.Build.0 = Debug|Any CPU
		{3EE155A4-EBAF-450F-86AF-C4180F27BDE1}.Release|Any CPU.ActiveCfg = Release|Any CPU
		{3EE155A4-EBAF-450F-86AF-C4180F27BDE1}.Release|Any CPU.Build.0 = Release|Any CPU
		{7DAF776F-87F4-43DD-B47C-C880D843DCCB}.Debug|Any CPU.ActiveCfg = Debug|Any CPU
		{7DAF776F-87F4-43DD-B47C-C880D843DCCB}.Debug|Any CPU.Build.0 = Debug|Any CPU
		{7DAF776F-87F4-43DD-B47C-C880D843DCCB}.Release|Any CPU.ActiveCfg = Release|Any CPU
		{7DAF776F-87F4-43DD-B47C-C880D843DCCB}.Release|Any CPU.Build.0 = Release|Any CPU
	EndGlobalSection
	GlobalSection(SolutionProperties) = preSolution
		HideSolutionNode = FALSE
	EndGlobalSection
	GlobalSection(ExtensibilityGlobals) = postSolution
		SolutionGuid = {F4CEF569-3E4D-4094-B617-430D49EA7BC2}
	EndGlobalSection
EndGlobal
