
Microsoft Visual Studio Solution File, Format Version 12.00
# Visual Studio Version 16
VisualStudioVersion = 16.0.30907.101
MinimumVisualStudioVersion = 10.0.40219.1
Project("{FAE04EC0-301F-11D3-BF4B-00C04F79EFBC}") = "GrpcCodeFirst.API", "GrpcCodeFirst.API.csproj", "{70D83862-A72F-43FB-8162-67BC7BAC8FEF}"
EndProject
Project("{FAE04EC0-301F-11D3-BF4B-00C04F79EFBC}") = "GrpcCodeFirst.Shared", "..\GrpcCodeFirst.Shared\GrpcCodeFirst.Shared.csproj", "{989F7505-9DD4-4B7A-898A-A4FF6DC8A88A}"
EndProject
Global
	GlobalSection(SolutionConfigurationPlatforms) = preSolution
		Debug|Any CPU = Debug|Any CPU
		Release|Any CPU = Release|Any CPU
	EndGlobalSection
	GlobalSection(ProjectConfigurationPlatforms) = postSolution
		{70D83862-A72F-43FB-8162-67BC7BAC8FEF}.Debug|Any CPU.ActiveCfg = Debug|Any CPU
		{70D83862-A72F-43FB-8162-67BC7BAC8FEF}.Debug|Any CPU.Build.0 = Debug|Any CPU
		{70D83862-A72F-43FB-8162-67BC7BAC8FEF}.Release|Any CPU.ActiveCfg = Release|Any CPU
		{70D83862-A72F-43FB-8162-67BC7BAC8FEF}.Release|Any CPU.Build.0 = Release|Any CPU
		{989F7505-9DD4-4B7A-898A-A4FF6DC8A88A}.Debug|Any CPU.ActiveCfg = Debug|Any CPU
		{989F7505-9DD4-4B7A-898A-A4FF6DC8A88A}.Debug|Any CPU.Build.0 = Debug|Any CPU
		{989F7505-9DD4-4B7A-898A-A4FF6DC8A88A}.Release|Any CPU.ActiveCfg = Release|Any CPU
		{989F7505-9DD4-4B7A-898A-A4FF6DC8A88A}.Release|Any CPU.Build.0 = Release|Any CPU
	EndGlobalSection
	GlobalSection(SolutionProperties) = preSolution
		HideSolutionNode = FALSE
	EndGlobalSection
	GlobalSection(ExtensibilityGlobals) = postSolution
		SolutionGuid = {F4CEF569-3E4D-4094-B617-430D49EA7BC2}
	EndGlobalSection
EndGlobal
